
Microsoft Visual Studio Solution File, Format Version 12.00
# Visual Studio 14
VisualStudioVersion = 14.0.25420.1
MinimumVisualStudioVersion = 10.0.40219.1
Project("{FAE04EC0-301F-11D3-BF4B-00C04F79EFBC}") = "BankApplication", "BankApplication\BankApplication.csproj", "{57F36B02-1446-493A-801B-123E09F2C542}"
EndProject
Project("{FAE04EC0-301F-11D3-BF4B-00C04F79EFBC}") = "BankLibrary", "BankLibrary\BankLibrary.csproj", "{39B274F6-BA5F-4DAA-AE05-69B85BB2620D}"
EndProject
Global
	GlobalSection(SolutionConfigurationPlatforms) = preSolution
		Debug|Any CPU = Debug|Any CPU
		Release|Any CPU = Release|Any CPU
	EndGlobalSection
	GlobalSection(ProjectConfigurationPlatforms) = postSolution
		{57F36B02-1446-493A-801B-123E09F2C542}.Debug|Any CPU.ActiveCfg = Debug|Any CPU
		{57F36B02-1446-493A-801B-123E09F2C542}.Debug|Any CPU.Build.0 = Debug|Any CPU
		{57F36B02-1446-493A-801B-123E09F2C542}.Release|Any CPU.ActiveCfg = Release|Any CPU
		{57F36B02-1446-493A-801B-123E09F2C542}.Release|Any CPU.Build.0 = Release|Any CPU
		{39B274F6-BA5F-4DAA-AE05-69B85BB2620D}.Debug|Any CPU.ActiveCfg = Debug|Any CPU
		{39B274F6-BA5F-4DAA-AE05-69B85BB2620D}.Debug|Any CPU.Build.0 = Debug|Any CPU
		{39B274F6-BA5F-4DAA-AE05-69B85BB2620D}.Release|Any CPU.ActiveCfg = Release|Any CPU
		{39B274F6-BA5F-4DAA-AE05-69B85BB2620D}.Release|Any CPU.Build.0 = Release|Any CPU
	EndGlobalSection
	GlobalSection(SolutionProperties) = preSolution
		HideSolutionNode = FALSE
	EndGlobalSection
EndGlobal
